// !$*UTF8*$!
{
	archiveVersion = 1;
	classes = {
	};
	objectVersion = 56;
	objects = {

/* Begin PBXBuildFile section */
		6E84678E2A0E9B7A006BDE1C /* SwiftUINavigationSplitViewApp.swift in Sources */ = {isa = PBXBuildFile; fileRef = 6E84678D2A0E9B7A006BDE1C /* SwiftUINavigationSplitViewApp.swift */; };
		6E8467902A0E9B7A006BDE1C /* ContentView.swift in Sources */ = {isa = PBXBuildFile; fileRef = 6E84678F2A0E9B7A006BDE1C /* ContentView.swift */; };
		6E8467922A0E9B7B006BDE1C /* Assets.xcassets in Resources */ = {isa = PBXBuildFile; fileRef = 6E8467912A0E9B7B006BDE1C /* Assets.xcassets */; };
		6E8467952A0E9B7B006BDE1C /* Preview Assets.xcassets in Resources */ = {isa = PBXBuildFile; fileRef = 6E8467942A0E9B7B006BDE1C /* Preview Assets.xcassets */; };
		6E84679F2A0E9B7C006BDE1C /* SwiftUINavigationSplitViewTests.swift in Sources */ = {isa = PBXBuildFile; fileRef = 6E84679E2A0E9B7C006BDE1C /* SwiftUINavigationSplitViewTests.swift */; };
		6E8467A92A0E9B7C006BDE1C /* SwiftUINavigationSplitViewUITests.swift in Sources */ = {isa = PBXBuildFile; fileRef = 6E8467A82A0E9B7C006BDE1C /* SwiftUINavigationSplitViewUITests.swift */; };
		6E8467AB2A0E9B7C006BDE1C /* SwiftUINavigationSplitViewUITestsLaunchTests.swift in Sources */ = {isa = PBXBuildFile; fileRef = 6E8467AA2A0E9B7C006BDE1C /* SwiftUINavigationSplitViewUITestsLaunchTests.swift */; };
		6EA55FB42A0FB1C90069FB57 /* FoodItemListView.swift in Sources */ = {isa = PBXBuildFile; fileRef = 6EA55FB32A0FB1C90069FB57 /* FoodItemListView.swift */; };
		6EA55FB62A0FB4B00069FB57 /* FoodItemDetailsView.swift in Sources */ = {isa = PBXBuildFile; fileRef = 6EA55FB52A0FB4B00069FB57 /* FoodItemDetailsView.swift */; };
		6EA55FB82A0FB8290069FB57 /* ClothItemListView.swift in Sources */ = {isa = PBXBuildFile; fileRef = 6EA55FB72A0FB8290069FB57 /* ClothItemListView.swift */; };
		6EA55FBA2A0FB8B90069FB57 /* ClothItemDetailsView.swift in Sources */ = {isa = PBXBuildFile; fileRef = 6EA55FB92A0FB8B90069FB57 /* ClothItemDetailsView.swift */; };
		6EA55FBF2A0FBD050069FB57 /* DataModels.swift in Sources */ = {isa = PBXBuildFile; fileRef = 6EA55FBE2A0FBD050069FB57 /* DataModels.swift */; };
		6EA55FF72A0FCCB40069FB57 /* TwoColumnSplitView.swift in Sources */ = {isa = PBXBuildFile; fileRef = 6EA55FF62A0FCCB40069FB57 /* TwoColumnSplitView.swift */; };
		6EA55FF92A0FCCCE0069FB57 /* ThreeColumnSplitView.swift in Sources */ = {isa = PBXBuildFile; fileRef = 6EA55FF82A0FCCCE0069FB57 /* ThreeColumnSplitView.swift */; };
		6EA55FFB2A0FCF550069FB57 /* FoodDetailFor3Col.swift in Sources */ = {isa = PBXBuildFile; fileRef = 6EA55FFA2A0FCF550069FB57 /* FoodDetailFor3Col.swift */; };
		6EA55FFD2A0FCF640069FB57 /* ClothDetailFor3Col.swift in Sources */ = {isa = PBXBuildFile; fileRef = 6EA55FFC2A0FCF640069FB57 /* ClothDetailFor3Col.swift */; };
/* End PBXBuildFile section */

/* Begin PBXContainerItemProxy section */
		6E84679B2A0E9B7C006BDE1C /* PBXContainerItemProxy */ = {
			isa = PBXContainerItemProxy;
			containerPortal = 6E8467822A0E9B79006BDE1C /* Project object */;
			proxyType = 1;
			remoteGlobalIDString = 6E8467892A0E9B7A006BDE1C;
			remoteInfo = SwiftUINavigationSplitView;
		};
		6E8467A52A0E9B7C006BDE1C /* PBXContainerItemProxy */ = {
			isa = PBXContainerItemProxy;
			containerPortal = 6E8467822A0E9B79006BDE1C /* Project object */;
			proxyType = 1;
			remoteGlobalIDString = 6E8467892A0E9B7A006BDE1C;
			remoteInfo = SwiftUINavigationSplitView;
		};
/* End PBXContainerItemProxy section */

/* Begin PBXFileReference section */
		6E84678A2A0E9B7A006BDE1C /* SwiftUINavigationSplitView.app */ = {isa = PBXFileReference; explicitFileType = wrapper.application; includeInIndex = 0; path = SwiftUINavigationSplitView.app; sourceTree = BUILT_PRODUCTS_DIR; };
		6E84678D2A0E9B7A006BDE1C /* SwiftUINavigationSplitViewApp.swift */ = {isa = PBXFileReference; lastKnownFileType = sourcecode.swift; path = SwiftUINavigationSplitViewApp.swift; sourceTree = "<group>"; };
		6E84678F2A0E9B7A006BDE1C /* ContentView.swift */ = {isa = PBXFileReference; lastKnownFileType = sourcecode.swift; path = ContentView.swift; sourceTree = "<group>"; };
		6E8467912A0E9B7B006BDE1C /* Assets.xcassets */ = {isa = PBXFileReference; lastKnownFileType = folder.assetcatalog; path = Assets.xcassets; sourceTree = "<group>"; };
		6E8467942A0E9B7B006BDE1C /* Preview Assets.xcassets */ = {isa = PBXFileReference; lastKnownFileType = folder.assetcatalog; path = "Preview Assets.xcassets"; sourceTree = "<group>"; };
		6E84679A2A0E9B7C006BDE1C /* SwiftUINavigationSplitViewTests.xctest */ = {isa = PBXFileReference; explicitFileType = wrapper.cfbundle; includeInIndex = 0; path = SwiftUINavigationSplitViewTests.xctest; sourceTree = BUILT_PRODUCTS_DIR; };
		6E84679E2A0E9B7C006BDE1C /* SwiftUINavigationSplitViewTests.swift */ = {isa = PBXFileReference; lastKnownFileType = sourcecode.swift; path = SwiftUINavigationSplitViewTests.swift; sourceTree = "<group>"; };
		6E8467A42A0E9B7C006BDE1C /* SwiftUINavigationSplitViewUITests.xctest */ = {isa = PBXFileReference; explicitFileType = wrapper.cfbundle; includeInIndex = 0; path = SwiftUINavigationSplitViewUITests.xctest; sourceTree = BUILT_PRODUCTS_DIR; };
		6E8467A82A0E9B7C006BDE1C /* SwiftUINavigationSplitViewUITests.swift */ = {isa = PBXFileReference; lastKnownFileType = sourcecode.swift; path = SwiftUINavigationSplitViewUITests.swift; sourceTree = "<group>"; };
		6E8467AA2A0E9B7C006BDE1C /* SwiftUINavigationSplitViewUITestsLaunchTests.swift */ = {isa = PBXFileReference; lastKnownFileType = sourcecode.swift; path = SwiftUINavigationSplitViewUITestsLaunchTests.swift; sourceTree = "<group>"; };
		6EA55FB32A0FB1C90069FB57 /* FoodItemListView.swift */ = {isa = PBXFileReference; lastKnownFileType = sourcecode.swift; path = FoodItemListView.swift; sourceTree = "<group>"; };
		6EA55FB52A0FB4B00069FB57 /* FoodItemDetailsView.swift */ = {isa = PBXFileReference; lastKnownFileType = sourcecode.swift; path = FoodItemDetailsView.swift; sourceTree = "<group>"; };
		6EA55FB72A0FB8290069FB57 /* ClothItemListView.swift */ = {isa = PBXFileReference; lastKnownFileType = sourcecode.swift; path = ClothItemListView.swift; sourceTree = "<group>"; };
		6EA55FB92A0FB8B90069FB57 /* ClothItemDetailsView.swift */ = {isa = PBXFileReference; lastKnownFileType = sourcecode.swift; path = ClothItemDetailsView.swift; sourceTree = "<group>"; };
		6EA55FBE2A0FBD050069FB57 /* DataModels.swift */ = {isa = PBXFileReference; lastKnownFileType = sourcecode.swift; path = DataModels.swift; sourceTree = "<group>"; };
		6EA55FF62A0FCCB40069FB57 /* TwoColumnSplitView.swift */ = {isa = PBXFileReference; lastKnownFileType = sourcecode.swift; path = TwoColumnSplitView.swift; sourceTree = "<group>"; };
		6EA55FF82A0FCCCE0069FB57 /* ThreeColumnSplitView.swift */ = {isa = PBXFileReference; lastKnownFileType = sourcecode.swift; path = ThreeColumnSplitView.swift; sourceTree = "<group>"; };
		6EA55FFA2A0FCF550069FB57 /* FoodDetailFor3Col.swift */ = {isa = PBXFileReference; lastKnownFileType = sourcecode.swift; path = FoodDetailFor3Col.swift; sourceTree = "<group>"; };
		6EA55FFC2A0FCF640069FB57 /* ClothDetailFor3Col.swift */ = {isa = PBXFileReference; lastKnownFileType = sourcecode.swift; path = ClothDetailFor3Col.swift; sourceTree = "<group>"; };
/* End PBXFileReference section */

/* Begin PBXFrameworksBuildPhase section */
		6E8467872A0E9B7A006BDE1C /* Frameworks */ = {
			isa = PBXFrameworksBuildPhase;
			buildActionMask = 2147483647;
			files = (
			);
			runOnlyForDeploymentPostprocessing = 0;
		};
		6E8467972A0E9B7C006BDE1C /* Frameworks */ = {
			isa = PBXFrameworksBuildPhase;
			buildActionMask = 2147483647;
			files = (
			);
			runOnlyForDeploymentPostprocessing = 0;
		};
		6E8467A12A0E9B7C006BDE1C /* Frameworks */ = {
			isa = PBXFrameworksBuildPhase;
			buildActionMask = 2147483647;
			files = (
			);
			runOnlyForDeploymentPostprocessing = 0;
		};
/* End PBXFrameworksBuildPhase section */

/* Begin PBXGroup section */
		6E8467812A0E9B79006BDE1C = {
			isa = PBXGroup;
			children = (
				6E84678C2A0E9B7A006BDE1C /* SwiftUINavigationSplitView */,
				6E84679D2A0E9B7C006BDE1C /* SwiftUINavigationSplitViewTests */,
				6E8467A72A0E9B7C006BDE1C /* SwiftUINavigationSplitViewUITests */,
				6E84678B2A0E9B7A006BDE1C /* Products */,
			);
			sourceTree = "<group>";
		};
		6E84678B2A0E9B7A006BDE1C /* Products */ = {
			isa = PBXGroup;
			children = (
				6E84678A2A0E9B7A006BDE1C /* SwiftUINavigationSplitView.app */,
				6E84679A2A0E9B7C006BDE1C /* SwiftUINavigationSplitViewTests.xctest */,
				6E8467A42A0E9B7C006BDE1C /* SwiftUINavigationSplitViewUITests.xctest */,
			);
			name = Products;
			sourceTree = "<group>";
		};
		6E84678C2A0E9B7A006BDE1C /* SwiftUINavigationSplitView */ = {
			isa = PBXGroup;
			children = (
				6EA55FBD2A0FBCF00069FB57 /* Models */,
				6EA55FBB2A0FBC990069FB57 /* App */,
				6EA55FBC2A0FBCB20069FB57 /* UI */,
				6E8467912A0E9B7B006BDE1C /* Assets.xcassets */,
				6E8467932A0E9B7B006BDE1C /* Preview Content */,
			);
			path = SwiftUINavigationSplitView;
			sourceTree = "<group>";
		};
		6E8467932A0E9B7B006BDE1C /* Preview Content */ = {
			isa = PBXGroup;
			children = (
				6E8467942A0E9B7B006BDE1C /* Preview Assets.xcassets */,
			);
			path = "Preview Content";
			sourceTree = "<group>";
		};
		6E84679D2A0E9B7C006BDE1C /* SwiftUINavigationSplitViewTests */ = {
			isa = PBXGroup;
			children = (
				6E84679E2A0E9B7C006BDE1C /* SwiftUINavigationSplitViewTests.swift */,
			);
			path = SwiftUINavigationSplitViewTests;
			sourceTree = "<group>";
		};
		6E8467A72A0E9B7C006BDE1C /* SwiftUINavigationSplitViewUITests */ = {
			isa = PBXGroup;
			children = (
				6E8467A82A0E9B7C006BDE1C /* SwiftUINavigationSplitViewUITests.swift */,
				6E8467AA2A0E9B7C006BDE1C /* SwiftUINavigationSplitViewUITestsLaunchTests.swift */,
			);
			path = SwiftUINavigationSplitViewUITests;
			sourceTree = "<group>";
		};
		6EA55FBB2A0FBC990069FB57 /* App */ = {
			isa = PBXGroup;
			children = (
				6E84678D2A0E9B7A006BDE1C /* SwiftUINavigationSplitViewApp.swift */,
			);
			path = App;
			sourceTree = "<group>";
		};
		6EA55FBC2A0FBCB20069FB57 /* UI */ = {
			isa = PBXGroup;
			children = (
				6E84678F2A0E9B7A006BDE1C /* ContentView.swift */,
				6EA55FB32A0FB1C90069FB57 /* FoodItemListView.swift */,
				6EA55FB52A0FB4B00069FB57 /* FoodItemDetailsView.swift */,
				6EA55FB72A0FB8290069FB57 /* ClothItemListView.swift */,
				6EA55FB92A0FB8B90069FB57 /* ClothItemDetailsView.swift */,
				6EA55FF62A0FCCB40069FB57 /* TwoColumnSplitView.swift */,
				6EA55FF82A0FCCCE0069FB57 /* ThreeColumnSplitView.swift */,
				6EA55FFA2A0FCF550069FB57 /* FoodDetailFor3Col.swift */,
				6EA55FFC2A0FCF640069FB57 /* ClothDetailFor3Col.swift */,
			);
			path = UI;
			sourceTree = "<group>";
		};
		6EA55FBD2A0FBCF00069FB57 /* Models */ = {
			isa = PBXGroup;
			children = (
				6EA55FBE2A0FBD050069FB57 /* DataModels.swift */,
			);
			path = Models;
			sourceTree = "<group>";
		};
/* End PBXGroup section */

/* Begin PBXNativeTarget section */
		6E8467892A0E9B7A006BDE1C /* SwiftUINavigationSplitView */ = {
			isa = PBXNativeTarget;
			buildConfigurationList = 6E8467AE2A0E9B7C006BDE1C /* Build configuration list for PBXNativeTarget "SwiftUINavigationSplitView" */;
			buildPhases = (
				6E8467862A0E9B7A006BDE1C /* Sources */,
				6E8467872A0E9B7A006BDE1C /* Frameworks */,
				6E8467882A0E9B7A006BDE1C /* Resources */,
			);
			buildRules = (
			);
			dependencies = (
			);
			name = SwiftUINavigationSplitView;
			productName = SwiftUINavigationSplitView;
			productReference = 6E84678A2A0E9B7A006BDE1C /* SwiftUINavigationSplitView.app */;
			productType = "com.apple.product-type.application";
		};
		6E8467992A0E9B7C006BDE1C /* SwiftUINavigationSplitViewTests */ = {
			isa = PBXNativeTarget;
			buildConfigurationList = 6E8467B12A0E9B7C006BDE1C /* Build configuration list for PBXNativeTarget "SwiftUINavigationSplitViewTests" */;
			buildPhases = (
				6E8467962A0E9B7C006BDE1C /* Sources */,
				6E8467972A0E9B7C006BDE1C /* Frameworks */,
				6E8467982A0E9B7C006BDE1C /* Resources */,
			);
			buildRules = (
			);
			dependencies = (
				6E84679C2A0E9B7C006BDE1C /* PBXTargetDependency */,
			);
			name = SwiftUINavigationSplitViewTests;
			productName = SwiftUINavigationSplitViewTests;
			productReference = 6E84679A2A0E9B7C006BDE1C /* SwiftUINavigationSplitViewTests.xctest */;
			productType = "com.apple.product-type.bundle.unit-test";
		};
		6E8467A32A0E9B7C006BDE1C /* SwiftUINavigationSplitViewUITests */ = {
			isa = PBXNativeTarget;
			buildConfigurationList = 6E8467B42A0E9B7C006BDE1C /* Build configuration list for PBXNativeTarget "SwiftUINavigationSplitViewUITests" */;
			buildPhases = (
				6E8467A02A0E9B7C006BDE1C /* Sources */,
				6E8467A12A0E9B7C006BDE1C /* Frameworks */,
				6E8467A22A0E9B7C006BDE1C /* Resources */,
			);
			buildRules = (
			);
			dependencies = (
				6E8467A62A0E9B7C006BDE1C /* PBXTargetDependency */,
			);
			name = SwiftUINavigationSplitViewUITests;
			productName = SwiftUINavigationSplitViewUITests;
			productReference = 6E8467A42A0E9B7C006BDE1C /* SwiftUINavigationSplitViewUITests.xctest */;
			productType = "com.apple.product-type.bundle.ui-testing";
		};
/* End PBXNativeTarget section */

/* Begin PBXProject section */
		6E8467822A0E9B79006BDE1C /* Project object */ = {
			isa = PBXProject;
			attributes = {
				BuildIndependentTargetsInParallel = 1;
				LastSwiftUpdateCheck = 1430;
				LastUpgradeCheck = 1430;
				TargetAttributes = {
					6E8467892A0E9B7A006BDE1C = {
						CreatedOnToolsVersion = 14.3;
					};
					6E8467992A0E9B7C006BDE1C = {
						CreatedOnToolsVersion = 14.3;
						TestTargetID = 6E8467892A0E9B7A006BDE1C;
					};
					6E8467A32A0E9B7C006BDE1C = {
						CreatedOnToolsVersion = 14.3;
						TestTargetID = 6E8467892A0E9B7A006BDE1C;
					};
				};
			};
			buildConfigurationList = 6E8467852A0E9B79006BDE1C /* Build configuration list for PBXProject "SwiftUINavigationSplitView" */;
			compatibilityVersion = "Xcode 14.0";
			developmentRegion = en;
			hasScannedForEncodings = 0;
			knownRegions = (
				en,
				Base,
			);
			mainGroup = 6E8467812A0E9B79006BDE1C;
			productRefGroup = 6E84678B2A0E9B7A006BDE1C /* Products */;
			projectDirPath = "";
			projectRoot = "";
			targets = (
				6E8467892A0E9B7A006BDE1C /* SwiftUINavigationSplitView */,
				6E8467992A0E9B7C006BDE1C /* SwiftUINavigationSplitViewTests */,
				6E8467A32A0E9B7C006BDE1C /* SwiftUINavigationSplitViewUITests */,
			);
		};
/* End PBXProject section */

/* Begin PBXResourcesBuildPhase section */
		6E8467882A0E9B7A006BDE1C /* Resources */ = {
			isa = PBXResourcesBuildPhase;
			buildActionMask = 2147483647;
			files = (
				6E8467952A0E9B7B006BDE1C /* Preview Assets.xcassets in Resources */,
				6E8467922A0E9B7B006BDE1C /* Assets.xcassets in Resources */,
			);
			runOnlyForDeploymentPostprocessing = 0;
		};
		6E8467982A0E9B7C006BDE1C /* Resources */ = {
			isa = PBXResourcesBuildPhase;
			buildActionMask = 2147483647;
			files = (
			);
			runOnlyForDeploymentPostprocessing = 0;
		};
		6E8467A22A0E9B7C006BDE1C /* Resources */ = {
			isa = PBXResourcesBuildPhase;
			buildActionMask = 2147483647;
			files = (
			);
			runOnlyForDeploymentPostprocessing = 0;
		};
/* End PBXResourcesBuildPhase section */

/* Begin PBXSourcesBuildPhase section */
		6E8467862A0E9B7A006BDE1C /* Sources */ = {
			isa = PBXSourcesBuildPhase;
			buildActionMask = 2147483647;
			files = (
				6EA55FB62A0FB4B00069FB57 /* FoodItemDetailsView.swift in Sources */,
				6EA55FBA2A0FB8B90069FB57 /* ClothItemDetailsView.swift in Sources */,
				6EA55FF72A0FCCB40069FB57 /* TwoColumnSplitView.swift in Sources */,
				6EA55FB82A0FB8290069FB57 /* ClothItemListView.swift in Sources */,
				6EA55FFD2A0FCF640069FB57 /* ClothDetailFor3Col.swift in Sources */,
				6EA55FF92A0FCCCE0069FB57 /* ThreeColumnSplitView.swift in Sources */,
				6E8467902A0E9B7A006BDE1C /* ContentView.swift in Sources */,
				6EA55FBF2A0FBD050069FB57 /* DataModels.swift in Sources */,
				6EA55FB42A0FB1C90069FB57 /* FoodItemListView.swift in Sources */,
				6E84678E2A0E9B7A006BDE1C /* SwiftUINavigationSplitViewApp.swift in Sources */,
				6EA55FFB2A0FCF550069FB57 /* FoodDetailFor3Col.swift in Sources */,
			);
			runOnlyForDeploymentPostprocessing = 0;
		};
		6E8467962A0E9B7C006BDE1C /* Sources */ = {
			isa = PBXSourcesBuildPhase;
			buildActionMask = 2147483647;
			files = (
				6E84679F2A0E9B7C006BDE1C /* SwiftUINavigationSplitViewTests.swift in Sources */,
			);
			runOnlyForDeploymentPostprocessing = 0;
		};
		6E8467A02A0E9B7C006BDE1C /* Sources */ = {
			isa = PBXSourcesBuildPhase;
			buildActionMask = 2147483647;
			files = (
				6E8467AB2A0E9B7C006BDE1C /* SwiftUINavigationSplitViewUITestsLaunchTests.swift in Sources */,
				6E8467A92A0E9B7C006BDE1C /* SwiftUINavigationSplitViewUITests.swift in Sources */,
			);
			runOnlyForDeploymentPostprocessing = 0;
		};
/* End PBXSourcesBuildPhase section */

/* Begin PBXTargetDependency section */
		6E84679C2A0E9B7C006BDE1C /* PBXTargetDependency */ = {
			isa = PBXTargetDependency;
			target = 6E8467892A0E9B7A006BDE1C /* SwiftUINavigationSplitView */;
			targetProxy = 6E84679B2A0E9B7C006BDE1C /* PBXContainerItemProxy */;
		};
		6E8467A62A0E9B7C006BDE1C /* PBXTargetDependency */ = {
			isa = PBXTargetDependency;
			target = 6E8467892A0E9B7A006BDE1C /* SwiftUINavigationSplitView */;
			targetProxy = 6E8467A52A0E9B7C006BDE1C /* PBXContainerItemProxy */;
		};
/* End PBXTargetDependency section */

/* Begin XCBuildConfiguration section */
		6E8467AC2A0E9B7C006BDE1C /* Debug */ = {
			isa = XCBuildConfiguration;
			buildSettings = {
				ALWAYS_SEARCH_USER_PATHS = NO;
				CLANG_ANALYZER_NONNULL = YES;
				CLANG_ANALYZER_NUMBER_OBJECT_CONVERSION = YES_AGGRESSIVE;
				CLANG_CXX_LANGUAGE_STANDARD = "gnu++20";
				CLANG_ENABLE_MODULES = YES;
				CLANG_ENABLE_OBJC_ARC = YES;
				CLANG_ENABLE_OBJC_WEAK = YES;
				CLANG_WARN_BLOCK_CAPTURE_AUTORELEASING = YES;
				CLANG_WARN_BOOL_CONVERSION = YES;
				CLANG_WARN_COMMA = YES;
				CLANG_WARN_CONSTANT_CONVERSION = YES;
				CLANG_WARN_DEPRECATED_OBJC_IMPLEMENTATIONS = YES;
				CLANG_WARN_DIRECT_OBJC_ISA_USAGE = YES_ERROR;
				CLANG_WARN_DOCUMENTATION_COMMENTS = YES;
				CLANG_WARN_EMPTY_BODY = YES;
				CLANG_WARN_ENUM_CONVERSION = YES;
				CLANG_WARN_INFINITE_RECURSION = YES;
				CLANG_WARN_INT_CONVERSION = YES;
				CLANG_WARN_NON_LITERAL_NULL_CONVERSION = YES;
				CLANG_WARN_OBJC_IMPLICIT_RETAIN_SELF = YES;
				CLANG_WARN_OBJC_LITERAL_CONVERSION = YES;
				CLANG_WARN_OBJC_ROOT_CLASS = YES_ERROR;
				CLANG_WARN_QUOTED_INCLUDE_IN_FRAMEWORK_HEADER = YES;
				CLANG_WARN_RANGE_LOOP_ANALYSIS = YES;
				CLANG_WARN_STRICT_PROTOTYPES = YES;
				CLANG_WARN_SUSPICIOUS_MOVE = YES;
				CLANG_WARN_UNGUARDED_AVAILABILITY = YES_AGGRESSIVE;
				CLANG_WARN_UNREACHABLE_CODE = YES;
				CLANG_WARN__DUPLICATE_METHOD_MATCH = YES;
				COPY_PHASE_STRIP = NO;
				DEBUG_INFORMATION_FORMAT = dwarf;
				ENABLE_STRICT_OBJC_MSGSEND = YES;
				ENABLE_TESTABILITY = YES;
				GCC_C_LANGUAGE_STANDARD = gnu11;
				GCC_DYNAMIC_NO_PIC = NO;
				GCC_NO_COMMON_BLOCKS = YES;
				GCC_OPTIMIZATION_LEVEL = 0;
				GCC_PREPROCESSOR_DEFINITIONS = (
					"DEBUG=1",
					"$(inherited)",
				);
				GCC_WARN_64_TO_32_BIT_CONVERSION = YES;
				GCC_WARN_ABOUT_RETURN_TYPE = YES_ERROR;
				GCC_WARN_UNDECLARED_SELECTOR = YES;
				GCC_WARN_UNINITIALIZED_AUTOS = YES_AGGRESSIVE;
				GCC_WARN_UNUSED_FUNCTION = YES;
				GCC_WARN_UNUSED_VARIABLE = YES;
				IPHONEOS_DEPLOYMENT_TARGET = 16.4;
				MTL_ENABLE_DEBUG_INFO = INCLUDE_SOURCE;
				MTL_FAST_MATH = YES;
				ONLY_ACTIVE_ARCH = YES;
				SDKROOT = iphoneos;
				SWIFT_ACTIVE_COMPILATION_CONDITIONS = DEBUG;
				SWIFT_OPTIMIZATION_LEVEL = "-Onone";
			};
			name = Debug;
		};
		6E8467AD2A0E9B7C006BDE1C /* Release */ = {
			isa = XCBuildConfiguration;
			buildSettings = {
				ALWAYS_SEARCH_USER_PATHS = NO;
				CLANG_ANALYZER_NONNULL = YES;
				CLANG_ANALYZER_NUMBER_OBJECT_CONVERSION = YES_AGGRESSIVE;
				CLANG_CXX_LANGUAGE_STANDARD = "gnu++20";
				CLANG_ENABLE_MODULES = YES;
				CLANG_ENABLE_OBJC_ARC = YES;
				CLANG_ENABLE_OBJC_WEAK = YES;
				CLANG_WARN_BLOCK_CAPTURE_AUTORELEASING = YES;
				CLANG_WARN_BOOL_CONVERSION = YES;
				CLANG_WARN_COMMA = YES;
				CLANG_WARN_CONSTANT_CONVERSION = YES;
				CLANG_WARN_DEPRECATED_OBJC_IMPLEMENTATIONS = YES;
				CLANG_WARN_DIRECT_OBJC_ISA_USAGE = YES_ERROR;
				CLANG_WARN_DOCUMENTATION_COMMENTS = YES;
				CLANG_WARN_EMPTY_BODY = YES;
				CLANG_WARN_ENUM_CONVERSION = YES;
				CLANG_WARN_INFINITE_RECURSION = YES;
				CLANG_WARN_INT_CONVERSION = YES;
				CLANG_WARN_NON_LITERAL_NULL_CONVERSION = YES;
				CLANG_WARN_OBJC_IMPLICIT_RETAIN_SELF = YES;
				CLANG_WARN_OBJC_LITERAL_CONVERSION = YES;
				CLANG_WARN_OBJC_ROOT_CLASS = YES_ERROR;
				CLANG_WARN_QUOTED_INCLUDE_IN_FRAMEWORK_HEADER = YES;
				CLANG_WARN_RANGE_LOOP_ANALYSIS = YES;
				CLANG_WARN_STRICT_PROTOTYPES = YES;
				CLANG_WARN_SUSPICIOUS_MOVE = YES;
				CLANG_WARN_UNGUARDED_AVAILABILITY = YES_AGGRESSIVE;
				CLANG_WARN_UNREACHABLE_CODE = YES;
				CLANG_WARN__DUPLICATE_METHOD_MATCH = YES;
				COPY_PHASE_STRIP = NO;
				DEBUG_INFORMATION_FORMAT = "dwarf-with-dsym";
				ENABLE_NS_ASSERTIONS = NO;
				ENABLE_STRICT_OBJC_MSGSEND = YES;
				GCC_C_LANGUAGE_STANDARD = gnu11;
				GCC_NO_COMMON_BLOCKS = YES;
				GCC_WARN_64_TO_32_BIT_CONVERSION = YES;
				GCC_WARN_ABOUT_RETURN_TYPE = YES_ERROR;
				GCC_WARN_UNDECLARED_SELECTOR = YES;
				GCC_WARN_UNINITIALIZED_AUTOS = YES_AGGRESSIVE;
				GCC_WARN_UNUSED_FUNCTION = YES;
				GCC_WARN_UNUSED_VARIABLE = YES;
				IPHONEOS_DEPLOYMENT_TARGET = 16.4;
				MTL_ENABLE_DEBUG_INFO = NO;
				MTL_FAST_MATH = YES;
				SDKROOT = iphoneos;
				SWIFT_COMPILATION_MODE = wholemodule;
				SWIFT_OPTIMIZATION_LEVEL = "-O";
				VALIDATE_PRODUCT = YES;
			};
			name = Release;
		};
		6E8467AF2A0E9B7C006BDE1C /* Debug */ = {
			isa = XCBuildConfiguration;
			buildSettings = {
				ASSETCATALOG_COMPILER_APPICON_NAME = AppIcon;
				ASSETCATALOG_COMPILER_GLOBAL_ACCENT_COLOR_NAME = AccentColor;
				CODE_SIGN_STYLE = Automatic;
				CURRENT_PROJECT_VERSION = 1;
				DEVELOPMENT_ASSET_PATHS = "\"SwiftUINavigationSplitView/Preview Content\"";
				ENABLE_PREVIEWS = YES;
				GENERATE_INFOPLIST_FILE = YES;
				INFOPLIST_KEY_UIApplicationSceneManifest_Generation = YES;
				INFOPLIST_KEY_UIApplicationSupportsIndirectInputEvents = YES;
				INFOPLIST_KEY_UILaunchScreen_Generation = YES;
				INFOPLIST_KEY_UISupportedInterfaceOrientations_iPad = "UIInterfaceOrientationPortrait UIInterfaceOrientationPortraitUpsideDown UIInterfaceOrientationLandscapeLeft UIInterfaceOrientationLandscapeRight";
				INFOPLIST_KEY_UISupportedInterfaceOrientations_iPhone = "UIInterfaceOrientationPortrait UIInterfaceOrientationLandscapeLeft UIInterfaceOrientationLandscapeRight";
				LD_RUNPATH_SEARCH_PATHS = (
					"$(inherited)",
					"@executable_path/Frameworks",
				);
				MARKETING_VERSION = 1.0;
				PRODUCT_BUNDLE_IDENTIFIER = mollah.yamin.SwiftUINavigationSplitView;
				PRODUCT_NAME = "$(TARGET_NAME)";
				SWIFT_EMIT_LOC_STRINGS = YES;
				SWIFT_VERSION = 5.0;
				TARGETED_DEVICE_FAMILY = "1,2";
			};
			name = Debug;
		};
		6E8467B02A0E9B7C006BDE1C /* Release */ = {
			isa = XCBuildConfiguration;
			buildSettings = {
				ASSETCATALOG_COMPILER_APPICON_NAME = AppIcon;
				ASSETCATALOG_COMPILER_GLOBAL_ACCENT_COLOR_NAME = AccentColor;
				CODE_SIGN_STYLE = Automatic;
				CURRENT_PROJECT_VERSION = 1;
				DEVELOPMENT_ASSET_PATHS = "\"SwiftUINavigationSplitView/Preview Content\"";
				ENABLE_PREVIEWS = YES;
				GENERATE_INFOPLIST_FILE = YES;
				INFOPLIST_KEY_UIApplicationSceneManifest_Generation = YES;
				INFOPLIST_KEY_UIApplicationSupportsIndirectInputEvents = YES;
				INFOPLIST_KEY_UILaunchScreen_Generation = YES;
				INFOPLIST_KEY_UISupportedInterfaceOrientations_iPad = "UIInterfaceOrientationPortrait UIInterfaceOrientationPortraitUpsideDown UIInterfaceOrientationLandscapeLeft UIInterfaceOrientationLandscapeRight";
				INFOPLIST_KEY_UISupportedInterfaceOrientations_iPhone = "UIInterfaceOrientationPortrait UIInterfaceOrientationLandscapeLeft UIInterfaceOrientationLandscapeRight";
				LD_RUNPATH_SEARCH_PATHS = (
					"$(inherited)",
					"@executable_path/Frameworks",
				);
				MARKETING_VERSION = 1.0;
				PRODUCT_BUNDLE_IDENTIFIER = mollah.yamin.SwiftUINavigationSplitView;
				PRODUCT_NAME = "$(TARGET_NAME)";
				SWIFT_EMIT_LOC_STRINGS = YES;
				SWIFT_VERSION = 5.0;
				TARGETED_DEVICE_FAMILY = "1,2";
			};
			name = Release;
		};
		6E8467B22A0E9B7C006BDE1C /* Debug */ = {
			isa = XCBuildConfiguration;
			buildSettings = {
				ALWAYS_EMBED_SWIFT_STANDARD_LIBRARIES = YES;
				BUNDLE_LOADER = "$(TEST_HOST)";
				CODE_SIGN_STYLE = Automatic;
				CURRENT_PROJECT_VERSION = 1;
				GENERATE_INFOPLIST_FILE = YES;
				IPHONEOS_DEPLOYMENT_TARGET = 16.4;
				MARKETING_VERSION = 1.0;
				PRODUCT_BUNDLE_IDENTIFIER = mollah.yamin.SwiftUINavigationSplitViewTests;
				PRODUCT_NAME = "$(TARGET_NAME)";
				SWIFT_EMIT_LOC_STRINGS = NO;
				SWIFT_VERSION = 5.0;
				TARGETED_DEVICE_FAMILY = "1,2";
				TEST_HOST = "$(BUILT_PRODUCTS_DIR)/SwiftUINavigationSplitView.app/$(BUNDLE_EXECUTABLE_FOLDER_PATH)/SwiftUINavigationSplitView";
			};
			name = Debug;
		};
		6E8467B32A0E9B7C006BDE1C /* Release */ = {
			isa = XCBuildConfiguration;
			buildSettings = {
				ALWAYS_EMBED_SWIFT_STANDARD_LIBRARIES = YES;
				BUNDLE_LOADER = "$(TEST_HOST)";
				CODE_SIGN_STYLE = Automatic;
				CURRENT_PROJECT_VERSION = 1;
				GENERATE_INFOPLIST_FILE = YES;
				IPHONEOS_DEPLOYMENT_TARGET = 16.4;
				MARKETING_VERSION = 1.0;
				PRODUCT_BUNDLE_IDENTIFIER = mollah.yamin.SwiftUINavigationSplitViewTests;
				PRODUCT_NAME = "$(TARGET_NAME)";
				SWIFT_EMIT_LOC_STRINGS = NO;
				SWIFT_VERSION = 5.0;
				TARGETED_DEVICE_FAMILY = "1,2";
				TEST_HOST = "$(BUILT_PRODUCTS_DIR)/SwiftUINavigationSplitView.app/$(BUNDLE_EXECUTABLE_FOLDER_PATH)/SwiftUINavigationSplitView";
			};
			name = Release;
		};
		6E8467B52A0E9B7C006BDE1C /* Debug */ = {
			isa = XCBuildConfiguration;
			buildSettings = {
				ALWAYS_EMBED_SWIFT_STANDARD_LIBRARIES = YES;
				CODE_SIGN_STYLE = Automatic;
				CURRENT_PROJECT_VERSION = 1;
				GENERATE_INFOPLIST_FILE = YES;
				MARKETING_VERSION = 1.0;
				PRODUCT_BUNDLE_IDENTIFIER = mollah.yamin.SwiftUINavigationSplitViewUITests;
				PRODUCT_NAME = "$(TARGET_NAME)";
				SWIFT_EMIT_LOC_STRINGS = NO;
				SWIFT_VERSION = 5.0;
				TARGETED_DEVICE_FAMILY = "1,2";
				TEST_TARGET_NAME = SwiftUINavigationSplitView;
			};
			name = Debug;
		};
		6E8467B62A0E9B7C006BDE1C /* Release */ = {
			isa = XCBuildConfiguration;
			buildSettings = {
				ALWAYS_EMBED_SWIFT_STANDARD_LIBRARIES = YES;
				CODE_SIGN_STYLE = Automatic;
				CURRENT_PROJECT_VERSION = 1;
				GENERATE_INFOPLIST_FILE = YES;
				MARKETING_VERSION = 1.0;
				PRODUCT_BUNDLE_IDENTIFIER = mollah.yamin.SwiftUINavigationSplitViewUITests;
				PRODUCT_NAME = "$(TARGET_NAME)";
				SWIFT_EMIT_LOC_STRINGS = NO;
				SWIFT_VERSION = 5.0;
				TARGETED_DEVICE_FAMILY = "1,2";
				TEST_TARGET_NAME = SwiftUINavigationSplitView;
			};
			name = Release;
		};
/* End XCBuildConfiguration section */

/* Begin XCConfigurationList section */
		6E8467852A0E9B79006BDE1C /* Build configuration list for PBXProject "SwiftUINavigationSplitView" */ = {
			isa = XCConfigurationList;
			buildConfigurations = (
				6E8467AC2A0E9B7C006BDE1C /* Debug */,
				6E8467AD2A0E9B7C006BDE1C /* Release */,
			);
			defaultConfigurationIsVisible = 0;
			defaultConfigurationName = Release;
		};
		6E8467AE2A0E9B7C006BDE1C /* Build configuration list for PBXNativeTarget "SwiftUINavigationSplitView" */ = {
			isa = XCConfigurationList;
			buildConfigurations = (
				6E8467AF2A0E9B7C006BDE1C /* Debug */,
				6E8467B02A0E9B7C006BDE1C /* Release */,
			);
			defaultConfigurationIsVisible = 0;
			defaultConfigurationName = Release;
		};
		6E8467B12A0E9B7C006BDE1C /* Build configuration list for PBXNativeTarget "SwiftUINavigationSplitViewTests" */ = {
			isa = XCConfigurationList;
			buildConfigurations = (
				6E8467B22A0E9B7C006BDE1C /* Debug */,
				6E8467B32A0E9B7C006BDE1C /* Release */,
			);
			defaultConfigurationIsVisible = 0;
			defaultConfigurationName = Release;
		};
		6E8467B42A0E9B7C006BDE1C /* Build configuration list for PBXNativeTarget "SwiftUINavigationSplitViewUITests" */ = {
			isa = XCConfigurationList;
			buildConfigurations = (
				6E8467B52A0E9B7C006BDE1C /* Debug */,
				6E8467B62A0E9B7C006BDE1C /* Release */,
			);
			defaultConfigurationIsVisible = 0;
			defaultConfigurationName = Release;
		};
/* End XCConfigurationList section */
	};
	rootObject = 6E8467822A0E9B79006BDE1C /* Project object */;
}
